
Microsoft Visual Studio Solution File, Format Version 12.00
# Visual Studio Version 17
VisualStudioVersion = 17.8.34408.163
MinimumVisualStudioVersion = 10.0.40219.1
Project("{FAE04EC0-301F-11D3-BF4B-00C04F79EFBC}") = "ConsoleCalculator", "ConsoleCalculator\ConsoleCalculator.csproj", "{3FEDA428-BA5E-4783-B369-E39D222ADACE}"
EndProject
Global
	GlobalSection(SolutionConfigurationPlatforms) = preSolution
		Debug|Any CPU = Debug|Any CPU
		Release|Any CPU = Release|Any CPU
	EndGlobalSection
	GlobalSection(ProjectConfigurationPlatforms) = postSolution
		{3FEDA428-BA5E-4783-B369-E39D222ADACE}.Debug|Any CPU.ActiveCfg = Debug|Any CPU
		{3FEDA428-BA5E-4783-B369-E39D222ADACE}.Debug|Any CPU.Build.0 = Debug|Any CPU
		{3FEDA428-BA5E-4783-B369-E39D222ADACE}.Release|Any CPU.ActiveCfg = Release|Any CPU
		{3FEDA428-BA5E-4783-B369-E39D222ADACE}.Release|Any CPU.Build.0 = Release|Any CPU
	EndGlobalSection
	GlobalSection(SolutionProperties) = preSolution
		HideSolutionNode = FALSE
	EndGlobalSection
	GlobalSection(ExtensibilityGlobals) = postSolution
		SolutionGuid = {5FBFFA32-778B-441F-A321-D2B697B6E0E9}
	EndGlobalSection
EndGlobal
